
Microsoft Visual Studio Solution File, Format Version 12.00
# Visual Studio 2013
VisualStudioVersion = 12.0.30501.0
MinimumVisualStudioVersion = 10.0.40219.1
Project("{8BC9CEB8-8B4A-11D0-8D11-00A0C91BC942}") = "qsort通用排序", "qsort通用排序\qsort通用排序.vcxproj", "{F19921D9-1DB1-4B3C-8F4B-399312CA9071}"
EndProject
Global
	GlobalSection(SolutionConfigurationPlatforms) = preSolution
		Debug|Win32 = Debug|Win32
		Release|Win32 = Release|Win32
	EndGlobalSection
	GlobalSection(ProjectConfigurationPlatforms) = postSolution
		{F19921D9-1DB1-4B3C-8F4B-399312CA9071}.Debug|Win32.ActiveCfg = Debug|Win32
		{F19921D9-1DB1-4B3C-8F4B-399312CA9071}.Debug|Win32.Build.0 = Debug|Win32
		{F19921D9-1DB1-4B3C-8F4B-399312CA9071}.Release|Win32.ActiveCfg = Release|Win32
		{F19921D9-1DB1-4B3C-8F4B-399312CA9071}.Release|Win32.Build.0 = Release|Win32
	EndGlobalSection
	GlobalSection(SolutionProperties) = preSolution
		HideSolutionNode = FALSE
	EndGlobalSection
EndGlobal
